
Microsoft Visual Studio Solution File, Format Version 12.00
# Visual Studio Version 17
VisualStudioVersion = 17.14.36511.14 d17.14
MinimumVisualStudioVersion = 10.0.40219.1
Project("{FAE04EC0-301F-11D3-BF4B-00C04F79EFBC}") = "APPR P 2", "APPR P 2\APPR P 2.csproj", "{F887C25A-68A8-4068-A644-1D455F65F805}"
EndProject
Global
	GlobalSection(SolutionConfigurationPlatforms) = preSolution
		Debug|Any CPU = Debug|Any CPU
		Release|Any CPU = Release|Any CPU
	EndGlobalSection
	GlobalSection(ProjectConfigurationPlatforms) = postSolution
		{F887C25A-68A8-4068-A644-1D455F65F805}.Debug|Any CPU.ActiveCfg = Debug|Any CPU
		{F887C25A-68A8-4068-A644-1D455F65F805}.Debug|Any CPU.Build.0 = Debug|Any CPU
		{F887C25A-68A8-4068-A644-1D455F65F805}.Release|Any CPU.ActiveCfg = Release|Any CPU
		{F887C25A-68A8-4068-A644-1D455F65F805}.Release|Any CPU.Build.0 = Release|Any CPU
	EndGlobalSection
	GlobalSection(SolutionProperties) = preSolution
		HideSolutionNode = FALSE
	EndGlobalSection
	GlobalSection(ExtensibilityGlobals) = postSolution
		SolutionGuid = {DDEC945E-DD7E-4BCB-8AF6-78EBB40DAED8}
	EndGlobalSection
EndGlobal
